// !$*UTF8*$!
{
	archiveVersion = 1;
	classes = {
	};
	objectVersion = 50;
	objects = {

/* Begin PBXBuildFile section */
		17DC6BAF2573945A00EFE027 /* AppDelegate.swift in Sources */ = {isa = PBXBuildFile; fileRef = 17DC6BAE2573945A00EFE027 /* AppDelegate.swift */; };
		17DC6BB12573945A00EFE027 /* SceneDelegate.swift in Sources */ = {isa = PBXBuildFile; fileRef = 17DC6BB02573945A00EFE027 /* SceneDelegate.swift */; };
		17DC6BB32573945A00EFE027 /* ViewController.swift in Sources */ = {isa = PBXBuildFile; fileRef = 17DC6BB22573945A00EFE027 /* ViewController.swift */; };
		17DC6BB62573945A00EFE027 /* Main.storyboard in Resources */ = {isa = PBXBuildFile; fileRef = 17DC6BB42573945A00EFE027 /* Main.storyboard */; };
		17DC6BB82573945A00EFE027 /* Assets.xcassets in Resources */ = {isa = PBXBuildFile; fileRef = 17DC6BB72573945A00EFE027 /* Assets.xcassets */; };
		17DC6BBB2573945A00EFE027 /* LaunchScreen.storyboard in Resources */ = {isa = PBXBuildFile; fileRef = 17DC6BB92573945A00EFE027 /* LaunchScreen.storyboard */; };
		17DC6BC62573945A00EFE027 /* SocialMediaAppWithCodableAndNetworkingTests.swift in Sources */ = {isa = PBXBuildFile; fileRef = 17DC6BC52573945A00EFE027 /* SocialMediaAppWithCodableAndNetworkingTests.swift */; };
		17DC6BD12573945B00EFE027 /* SocialMediaAppWithCodableAndNetworkingUITests.swift in Sources */ = {isa = PBXBuildFile; fileRef = 17DC6BD02573945B00EFE027 /* SocialMediaAppWithCodableAndNetworkingUITests.swift */; };
/* End PBXBuildFile section */

/* Begin PBXContainerItemProxy section */
		17DC6BC22573945A00EFE027 /* PBXContainerItemProxy */ = {
			isa = PBXContainerItemProxy;
			containerPortal = 17DC6BA32573945A00EFE027 /* Project object */;
			proxyType = 1;
			remoteGlobalIDString = 17DC6BAA2573945A00EFE027;
			remoteInfo = SocialMediaAppWithCodableAndNetworking;
		};
		17DC6BCD2573945B00EFE027 /* PBXContainerItemProxy */ = {
			isa = PBXContainerItemProxy;
			containerPortal = 17DC6BA32573945A00EFE027 /* Project object */;
			proxyType = 1;
			remoteGlobalIDString = 17DC6BAA2573945A00EFE027;
			remoteInfo = SocialMediaAppWithCodableAndNetworking;
		};
/* End PBXContainerItemProxy section */

/* Begin PBXFileReference section */
		17DC6BAB2573945A00EFE027 /* SocialMediaAppWithCodableAndNetworking.app */ = {isa = PBXFileReference; explicitFileType = wrapper.application; includeInIndex = 0; path = SocialMediaAppWithCodableAndNetworking.app; sourceTree = BUILT_PRODUCTS_DIR; };
		17DC6BAE2573945A00EFE027 /* AppDelegate.swift */ = {isa = PBXFileReference; lastKnownFileType = sourcecode.swift; path = AppDelegate.swift; sourceTree = "<group>"; };
		17DC6BB02573945A00EFE027 /* SceneDelegate.swift */ = {isa = PBXFileReference; lastKnownFileType = sourcecode.swift; path = SceneDelegate.swift; sourceTree = "<group>"; };
		17DC6BB22573945A00EFE027 /* ViewController.swift */ = {isa = PBXFileReference; lastKnownFileType = sourcecode.swift; path = ViewController.swift; sourceTree = "<group>"; };
		17DC6BB52573945A00EFE027 /* Base */ = {isa = PBXFileReference; lastKnownFileType = file.storyboard; name = Base; path = Base.lproj/Main.storyboard; sourceTree = "<group>"; };
		17DC6BB72573945A00EFE027 /* Assets.xcassets */ = {isa = PBXFileReference; lastKnownFileType = folder.assetcatalog; path = Assets.xcassets; sourceTree = "<group>"; };
		17DC6BBA2573945A00EFE027 /* Base */ = {isa = PBXFileReference; lastKnownFileType = file.storyboard; name = Base; path = Base.lproj/LaunchScreen.storyboard; sourceTree = "<group>"; };
		17DC6BBC2573945A00EFE027 /* Info.plist */ = {isa = PBXFileReference; lastKnownFileType = text.plist.xml; path = Info.plist; sourceTree = "<group>"; };
		17DC6BC12573945A00EFE027 /* SocialMediaAppWithCodableAndNetworkingTests.xctest */ = {isa = PBXFileReference; explicitFileType = wrapper.cfbundle; includeInIndex = 0; path = SocialMediaAppWithCodableAndNetworkingTests.xctest; sourceTree = BUILT_PRODUCTS_DIR; };
		17DC6BC52573945A00EFE027 /* SocialMediaAppWithCodableAndNetworkingTests.swift */ = {isa = PBXFileReference; lastKnownFileType = sourcecode.swift; path = SocialMediaAppWithCodableAndNetworkingTests.swift; sourceTree = "<group>"; };
		17DC6BC72573945A00EFE027 /* Info.plist */ = {isa = PBXFileReference; lastKnownFileType = text.plist.xml; path = Info.plist; sourceTree = "<group>"; };
		17DC6BCC2573945B00EFE027 /* SocialMediaAppWithCodableAndNetworkingUITests.xctest */ = {isa = PBXFileReference; explicitFileType = wrapper.cfbundle; includeInIndex = 0; path = SocialMediaAppWithCodableAndNetworkingUITests.xctest; sourceTree = BUILT_PRODUCTS_DIR; };
		17DC6BD02573945B00EFE027 /* SocialMediaAppWithCodableAndNetworkingUITests.swift */ = {isa = PBXFileReference; lastKnownFileType = sourcecode.swift; path = SocialMediaAppWithCodableAndNetworkingUITests.swift; sourceTree = "<group>"; };
		17DC6BD22573945B00EFE027 /* Info.plist */ = {isa = PBXFileReference; lastKnownFileType = text.plist.xml; path = Info.plist; sourceTree = "<group>"; };
/* End PBXFileReference section */

/* Begin PBXFrameworksBuildPhase section */
		17DC6BA82573945A00EFE027 /* Frameworks */ = {
			isa = PBXFrameworksBuildPhase;
			buildActionMask = 2147483647;
			files = (
			);
			runOnlyForDeploymentPostprocessing = 0;
		};
		17DC6BBE2573945A00EFE027 /* Frameworks */ = {
			isa = PBXFrameworksBuildPhase;
			buildActionMask = 2147483647;
			files = (
			);
			runOnlyForDeploymentPostprocessing = 0;
		};
		17DC6BC92573945B00EFE027 /* Frameworks */ = {
			isa = PBXFrameworksBuildPhase;
			buildActionMask = 2147483647;
			files = (
			);
			runOnlyForDeploymentPostprocessing = 0;
		};
/* End PBXFrameworksBuildPhase section */

/* Begin PBXGroup section */
		17DC6BA22573945A00EFE027 = {
			isa = PBXGroup;
			children = (
				17DC6BAD2573945A00EFE027 /* SocialMediaAppWithCodableAndNetworking */,
				17DC6BC42573945A00EFE027 /* SocialMediaAppWithCodableAndNetworkingTests */,
				17DC6BCF2573945B00EFE027 /* SocialMediaAppWithCodableAndNetworkingUITests */,
				17DC6BAC2573945A00EFE027 /* Products */,
			);
			sourceTree = "<group>";
		};
		17DC6BAC2573945A00EFE027 /* Products */ = {
			isa = PBXGroup;
			children = (
				17DC6BAB2573945A00EFE027 /* SocialMediaAppWithCodableAndNetworking.app */,
				17DC6BC12573945A00EFE027 /* SocialMediaAppWithCodableAndNetworkingTests.xctest */,
				17DC6BCC2573945B00EFE027 /* SocialMediaAppWithCodableAndNetworkingUITests.xctest */,
			);
			name = Products;
			sourceTree = "<group>";
		};
		17DC6BAD2573945A00EFE027 /* SocialMediaAppWithCodableAndNetworking */ = {
			isa = PBXGroup;
			children = (
				17DC6BAE2573945A00EFE027 /* AppDelegate.swift */,
				17DC6BB02573945A00EFE027 /* SceneDelegate.swift */,
				17DC6BB22573945A00EFE027 /* ViewController.swift */,
				17DC6BB42573945A00EFE027 /* Main.storyboard */,
				17DC6BB72573945A00EFE027 /* Assets.xcassets */,
				17DC6BB92573945A00EFE027 /* LaunchScreen.storyboard */,
				17DC6BBC2573945A00EFE027 /* Info.plist */,
			);
			path = SocialMediaAppWithCodableAndNetworking;
			sourceTree = "<group>";
		};
		17DC6BC42573945A00EFE027 /* SocialMediaAppWithCodableAndNetworkingTests */ = {
			isa = PBXGroup;
			children = (
				17DC6BC52573945A00EFE027 /* SocialMediaAppWithCodableAndNetworkingTests.swift */,
				17DC6BC72573945A00EFE027 /* Info.plist */,
			);
			path = SocialMediaAppWithCodableAndNetworkingTests;
			sourceTree = "<group>";
		};
		17DC6BCF2573945B00EFE027 /* SocialMediaAppWithCodableAndNetworkingUITests */ = {
			isa = PBXGroup;
			children = (
				17DC6BD02573945B00EFE027 /* SocialMediaAppWithCodableAndNetworkingUITests.swift */,
				17DC6BD22573945B00EFE027 /* Info.plist */,
			);
			path = SocialMediaAppWithCodableAndNetworkingUITests;
			sourceTree = "<group>";
		};
/* End PBXGroup section */

/* Begin PBXNativeTarget section */
		17DC6BAA2573945A00EFE027 /* SocialMediaAppWithCodableAndNetworking */ = {
			isa = PBXNativeTarget;
			buildConfigurationList = 17DC6BD52573945B00EFE027 /* Build configuration list for PBXNativeTarget "SocialMediaAppWithCodableAndNetworking" */;
			buildPhases = (
				17DC6BA72573945A00EFE027 /* Sources */,
				17DC6BA82573945A00EFE027 /* Frameworks */,
				17DC6BA92573945A00EFE027 /* Resources */,
			);
			buildRules = (
			);
			dependencies = (
			);
			name = SocialMediaAppWithCodableAndNetworking;
			productName = SocialMediaAppWithCodableAndNetworking;
			productReference = 17DC6BAB2573945A00EFE027 /* SocialMediaAppWithCodableAndNetworking.app */;
			productType = "com.apple.product-type.application";
		};
		17DC6BC02573945A00EFE027 /* SocialMediaAppWithCodableAndNetworkingTests */ = {
			isa = PBXNativeTarget;
			buildConfigurationList = 17DC6BD82573945B00EFE027 /* Build configuration list for PBXNativeTarget "SocialMediaAppWithCodableAndNetworkingTests" */;
			buildPhases = (
				17DC6BBD2573945A00EFE027 /* Sources */,
				17DC6BBE2573945A00EFE027 /* Frameworks */,
				17DC6BBF2573945A00EFE027 /* Resources */,
			);
			buildRules = (
			);
			dependencies = (
				17DC6BC32573945A00EFE027 /* PBXTargetDependency */,
			);
			name = SocialMediaAppWithCodableAndNetworkingTests;
			productName = SocialMediaAppWithCodableAndNetworkingTests;
			productReference = 17DC6BC12573945A00EFE027 /* SocialMediaAppWithCodableAndNetworkingTests.xctest */;
			productType = "com.apple.product-type.bundle.unit-test";
		};
		17DC6BCB2573945B00EFE027 /* SocialMediaAppWithCodableAndNetworkingUITests */ = {
			isa = PBXNativeTarget;
			buildConfigurationList = 17DC6BDB2573945B00EFE027 /* Build configuration list for PBXNativeTarget "SocialMediaAppWithCodableAndNetworkingUITests" */;
			buildPhases = (
				17DC6BC82573945B00EFE027 /* Sources */,
				17DC6BC92573945B00EFE027 /* Frameworks */,
				17DC6BCA2573945B00EFE027 /* Resources */,
			);
			buildRules = (
			);
			dependencies = (
				17DC6BCE2573945B00EFE027 /* PBXTargetDependency */,
			);
			name = SocialMediaAppWithCodableAndNetworkingUITests;
			productName = SocialMediaAppWithCodableAndNetworkingUITests;
			productReference = 17DC6BCC2573945B00EFE027 /* SocialMediaAppWithCodableAndNetworkingUITests.xctest */;
			productType = "com.apple.product-type.bundle.ui-testing";
		};
/* End PBXNativeTarget section */

/* Begin PBXProject section */
		17DC6BA32573945A00EFE027 /* Project object */ = {
			isa = PBXProject;
			attributes = {
				LastSwiftUpdateCheck = 1220;
				LastUpgradeCheck = 1220;
				TargetAttributes = {
					17DC6BAA2573945A00EFE027 = {
						CreatedOnToolsVersion = 12.2;
					};
					17DC6BC02573945A00EFE027 = {
						CreatedOnToolsVersion = 12.2;
						TestTargetID = 17DC6BAA2573945A00EFE027;
					};
					17DC6BCB2573945B00EFE027 = {
						CreatedOnToolsVersion = 12.2;
						TestTargetID = 17DC6BAA2573945A00EFE027;
					};
				};
			};
			buildConfigurationList = 17DC6BA62573945A00EFE027 /* Build configuration list for PBXProject "SocialMediaAppWithCodableAndNetworking" */;
			compatibilityVersion = "Xcode 9.3";
			developmentRegion = en;
			hasScannedForEncodings = 0;
			knownRegions = (
				en,
				Base,
			);
			mainGroup = 17DC6BA22573945A00EFE027;
			productRefGroup = 17DC6BAC2573945A00EFE027 /* Products */;
			projectDirPath = "";
			projectRoot = "";
			targets = (
				17DC6BAA2573945A00EFE027 /* SocialMediaAppWithCodableAndNetworking */,
				17DC6BC02573945A00EFE027 /* SocialMediaAppWithCodableAndNetworkingTests */,
				17DC6BCB2573945B00EFE027 /* SocialMediaAppWithCodableAndNetworkingUITests */,
			);
		};
/* End PBXProject section */

/* Begin PBXResourcesBuildPhase section */
		17DC6BA92573945A00EFE027 /* Resources */ = {
			isa = PBXResourcesBuildPhase;
			buildActionMask = 2147483647;
			files = (
				17DC6BBB2573945A00EFE027 /* LaunchScreen.storyboard in Resources */,
				17DC6BB82573945A00EFE027 /* Assets.xcassets in Resources */,
				17DC6BB62573945A00EFE027 /* Main.storyboard in Resources */,
			);
			runOnlyForDeploymentPostprocessing = 0;
		};
		17DC6BBF2573945A00EFE027 /* Resources */ = {
			isa = PBXResourcesBuildPhase;
			buildActionMask = 2147483647;
			files = (
			);
			runOnlyForDeploymentPostprocessing = 0;
		};
		17DC6BCA2573945B00EFE027 /* Resources */ = {
			isa = PBXResourcesBuildPhase;
			buildActionMask = 2147483647;
			files = (
			);
			runOnlyForDeploymentPostprocessing = 0;
		};
/* End PBXResourcesBuildPhase section */

/* Begin PBXSourcesBuildPhase section */
		17DC6BA72573945A00EFE027 /* Sources */ = {
			isa = PBXSourcesBuildPhase;
			buildActionMask = 2147483647;
			files = (
				17DC6BB32573945A00EFE027 /* ViewController.swift in Sources */,
				17DC6BAF2573945A00EFE027 /* AppDelegate.swift in Sources */,
				17DC6BB12573945A00EFE027 /* SceneDelegate.swift in Sources */,
			);
			runOnlyForDeploymentPostprocessing = 0;
		};
		17DC6BBD2573945A00EFE027 /* Sources */ = {
			isa = PBXSourcesBuildPhase;
			buildActionMask = 2147483647;
			files = (
				17DC6BC62573945A00EFE027 /* SocialMediaAppWithCodableAndNetworkingTests.swift in Sources */,
			);
			runOnlyForDeploymentPostprocessing = 0;
		};
		17DC6BC82573945B00EFE027 /* Sources */ = {
			isa = PBXSourcesBuildPhase;
			buildActionMask = 2147483647;
			files = (
				17DC6BD12573945B00EFE027 /* SocialMediaAppWithCodableAndNetworkingUITests.swift in Sources */,
			);
			runOnlyForDeploymentPostprocessing = 0;
		};
/* End PBXSourcesBuildPhase section */

/* Begin PBXTargetDependency section */
		17DC6BC32573945A00EFE027 /* PBXTargetDependency */ = {
			isa = PBXTargetDependency;
			target = 17DC6BAA2573945A00EFE027 /* SocialMediaAppWithCodableAndNetworking */;
			targetProxy = 17DC6BC22573945A00EFE027 /* PBXContainerItemProxy */;
		};
		17DC6BCE2573945B00EFE027 /* PBXTargetDependency */ = {
			isa = PBXTargetDependency;
			target = 17DC6BAA2573945A00EFE027 /* SocialMediaAppWithCodableAndNetworking */;
			targetProxy = 17DC6BCD2573945B00EFE027 /* PBXContainerItemProxy */;
		};
/* End PBXTargetDependency section */

/* Begin PBXVariantGroup section */
		17DC6BB42573945A00EFE027 /* Main.storyboard */ = {
			isa = PBXVariantGroup;
			children = (
				17DC6BB52573945A00EFE027 /* Base */,
			);
			name = Main.storyboard;
			sourceTree = "<group>";
		};
		17DC6BB92573945A00EFE027 /* LaunchScreen.storyboard */ = {
			isa = PBXVariantGroup;
			children = (
				17DC6BBA2573945A00EFE027 /* Base */,
			);
			name = LaunchScreen.storyboard;
			sourceTree = "<group>";
		};
/* End PBXVariantGroup section */

/* Begin XCBuildConfiguration section */
		17DC6BD32573945B00EFE027 /* Debug */ = {
			isa = XCBuildConfiguration;
			buildSettings = {
				ALWAYS_SEARCH_USER_PATHS = NO;
				CLANG_ANALYZER_NONNULL = YES;
				CLANG_ANALYZER_NUMBER_OBJECT_CONVERSION = YES_AGGRESSIVE;
				CLANG_CXX_LANGUAGE_STANDARD = "gnu++14";
				CLANG_CXX_LIBRARY = "libc++";
				CLANG_ENABLE_MODULES = YES;
				CLANG_ENABLE_OBJC_ARC = YES;
				CLANG_ENABLE_OBJC_WEAK = YES;
				CLANG_WARN_BLOCK_CAPTURE_AUTORELEASING = YES;
				CLANG_WARN_BOOL_CONVERSION = YES;
				CLANG_WARN_COMMA = YES;
				CLANG_WARN_CONSTANT_CONVERSION = YES;
				CLANG_WARN_DEPRECATED_OBJC_IMPLEMENTATIONS = YES;
				CLANG_WARN_DIRECT_OBJC_ISA_USAGE = YES_ERROR;
				CLANG_WARN_DOCUMENTATION_COMMENTS = YES;
				CLANG_WARN_EMPTY_BODY = YES;
				CLANG_WARN_ENUM_CONVERSION = YES;
				CLANG_WARN_INFINITE_RECURSION = YES;
				CLANG_WARN_INT_CONVERSION = YES;
				CLANG_WARN_NON_LITERAL_NULL_CONVERSION = YES;
				CLANG_WARN_OBJC_IMPLICIT_RETAIN_SELF = YES;
				CLANG_WARN_OBJC_LITERAL_CONVERSION = YES;
				CLANG_WARN_OBJC_ROOT_CLASS = YES_ERROR;
				CLANG_WARN_QUOTED_INCLUDE_IN_FRAMEWORK_HEADER = YES;
				CLANG_WARN_RANGE_LOOP_ANALYSIS = YES;
				CLANG_WARN_STRICT_PROTOTYPES = YES;
				CLANG_WARN_SUSPICIOUS_MOVE = YES;
				CLANG_WARN_UNGUARDED_AVAILABILITY = YES_AGGRESSIVE;
				CLANG_WARN_UNREACHABLE_CODE = YES;
				CLANG_WARN__DUPLICATE_METHOD_MATCH = YES;
				COPY_PHASE_STRIP = NO;
				DEBUG_INFORMATION_FORMAT = dwarf;
				ENABLE_STRICT_OBJC_MSGSEND = YES;
				ENABLE_TESTABILITY = YES;
				GCC_C_LANGUAGE_STANDARD = gnu11;
				GCC_DYNAMIC_NO_PIC = NO;
				GCC_NO_COMMON_BLOCKS = YES;
				GCC_OPTIMIZATION_LEVEL = 0;
				GCC_PREPROCESSOR_DEFINITIONS = (
					"DEBUG=1",
					"$(inherited)",
				);
				GCC_WARN_64_TO_32_BIT_CONVERSION = YES;
				GCC_WARN_ABOUT_RETURN_TYPE = YES_ERROR;
				GCC_WARN_UNDECLARED_SELECTOR = YES;
				GCC_WARN_UNINITIALIZED_AUTOS = YES_AGGRESSIVE;
				GCC_WARN_UNUSED_FUNCTION = YES;
				GCC_WARN_UNUSED_VARIABLE = YES;
				IPHONEOS_DEPLOYMENT_TARGET = 14.2;
				MTL_ENABLE_DEBUG_INFO = INCLUDE_SOURCE;
				MTL_FAST_MATH = YES;
				ONLY_ACTIVE_ARCH = YES;
				SDKROOT = iphoneos;
				SWIFT_ACTIVE_COMPILATION_CONDITIONS = DEBUG;
				SWIFT_OPTIMIZATION_LEVEL = "-Onone";
			};
			name = Debug;
		};
		17DC6BD42573945B00EFE027 /* Release */ = {
			isa = XCBuildConfiguration;
			buildSettings = {
				ALWAYS_SEARCH_USER_PATHS = NO;
				CLANG_ANALYZER_NONNULL = YES;
				CLANG_ANALYZER_NUMBER_OBJECT_CONVERSION = YES_AGGRESSIVE;
				CLANG_CXX_LANGUAGE_STANDARD = "gnu++14";
				CLANG_CXX_LIBRARY = "libc++";
				CLANG_ENABLE_MODULES = YES;
				CLANG_ENABLE_OBJC_ARC = YES;
				CLANG_ENABLE_OBJC_WEAK = YES;
				CLANG_WARN_BLOCK_CAPTURE_AUTORELEASING = YES;
				CLANG_WARN_BOOL_CONVERSION = YES;
				CLANG_WARN_COMMA = YES;
				CLANG_WARN_CONSTANT_CONVERSION = YES;
				CLANG_WARN_DEPRECATED_OBJC_IMPLEMENTATIONS = YES;
				CLANG_WARN_DIRECT_OBJC_ISA_USAGE = YES_ERROR;
				CLANG_WARN_DOCUMENTATION_COMMENTS = YES;
				CLANG_WARN_EMPTY_BODY = YES;
				CLANG_WARN_ENUM_CONVERSION = YES;
				CLANG_WARN_INFINITE_RECURSION = YES;
				CLANG_WARN_INT_CONVERSION = YES;
				CLANG_WARN_NON_LITERAL_NULL_CONVERSION = YES;
				CLANG_WARN_OBJC_IMPLICIT_RETAIN_SELF = YES;
				CLANG_WARN_OBJC_LITERAL_CONVERSION = YES;
				CLANG_WARN_OBJC_ROOT_CLASS = YES_ERROR;
				CLANG_WARN_QUOTED_INCLUDE_IN_FRAMEWORK_HEADER = YES;
				CLANG_WARN_RANGE_LOOP_ANALYSIS = YES;
				CLANG_WARN_STRICT_PROTOTYPES = YES;
				CLANG_WARN_SUSPICIOUS_MOVE = YES;
				CLANG_WARN_UNGUARDED_AVAILABILITY = YES_AGGRESSIVE;
				CLANG_WARN_UNREACHABLE_CODE = YES;
				CLANG_WARN__DUPLICATE_METHOD_MATCH = YES;
				COPY_PHASE_STRIP = NO;
				DEBUG_INFORMATION_FORMAT = "dwarf-with-dsym";
				ENABLE_NS_ASSERTIONS = NO;
				ENABLE_STRICT_OBJC_MSGSEND = YES;
				GCC_C_LANGUAGE_STANDARD = gnu11;
				GCC_NO_COMMON_BLOCKS = YES;
				GCC_WARN_64_TO_32_BIT_CONVERSION = YES;
				GCC_WARN_ABOUT_RETURN_TYPE = YES_ERROR;
				GCC_WARN_UNDECLARED_SELECTOR = YES;
				GCC_WARN_UNINITIALIZED_AUTOS = YES_AGGRESSIVE;
				GCC_WARN_UNUSED_FUNCTION = YES;
				GCC_WARN_UNUSED_VARIABLE = YES;
				IPHONEOS_DEPLOYMENT_TARGET = 14.2;
				MTL_ENABLE_DEBUG_INFO = NO;
				MTL_FAST_MATH = YES;
				SDKROOT = iphoneos;
				SWIFT_COMPILATION_MODE = wholemodule;
				SWIFT_OPTIMIZATION_LEVEL = "-O";
				VALIDATE_PRODUCT = YES;
			};
			name = Release;
		};
		17DC6BD62573945B00EFE027 /* Debug */ = {
			isa = XCBuildConfiguration;
			buildSettings = {
				ASSETCATALOG_COMPILER_APPICON_NAME = AppIcon;
				ASSETCATALOG_COMPILER_GLOBAL_ACCENT_COLOR_NAME = AccentColor;
				CODE_SIGN_STYLE = Automatic;
				DEVELOPMENT_TEAM = 7X48R5E6LJ;
				INFOPLIST_FILE = SocialMediaAppWithCodableAndNetworking/Info.plist;
				LD_RUNPATH_SEARCH_PATHS = (
					"$(inherited)",
					"@executable_path/Frameworks",
				);
				PRODUCT_BUNDLE_IDENTIFIER = NAPPS.SocialMediaAppWithCodableAndNetworking;
				PRODUCT_NAME = "$(TARGET_NAME)";
				SWIFT_VERSION = 5.0;
				TARGETED_DEVICE_FAMILY = "1,2";
			};
			name = Debug;
		};
		17DC6BD72573945B00EFE027 /* Release */ = {
			isa = XCBuildConfiguration;
			buildSettings = {
				ASSETCATALOG_COMPILER_APPICON_NAME = AppIcon;
				ASSETCATALOG_COMPILER_GLOBAL_ACCENT_COLOR_NAME = AccentColor;
				CODE_SIGN_STYLE = Automatic;
				DEVELOPMENT_TEAM = 7X48R5E6LJ;
				INFOPLIST_FILE = SocialMediaAppWithCodableAndNetworking/Info.plist;
				LD_RUNPATH_SEARCH_PATHS = (
					"$(inherited)",
					"@executable_path/Frameworks",
				);
				PRODUCT_BUNDLE_IDENTIFIER = NAPPS.SocialMediaAppWithCodableAndNetworking;
				PRODUCT_NAME = "$(TARGET_NAME)";
				SWIFT_VERSION = 5.0;
				TARGETED_DEVICE_FAMILY = "1,2";
			};
			name = Release;
		};
		17DC6BD92573945B00EFE027 /* Debug */ = {
			isa = XCBuildConfiguration;
			buildSettings = {
				ALWAYS_EMBED_SWIFT_STANDARD_LIBRARIES = YES;
				BUNDLE_LOADER = "$(TEST_HOST)";
				CODE_SIGN_STYLE = Automatic;
				DEVELOPMENT_TEAM = 7X48R5E6LJ;
				INFOPLIST_FILE = SocialMediaAppWithCodableAndNetworkingTests/Info.plist;
				IPHONEOS_DEPLOYMENT_TARGET = 14.2;
				LD_RUNPATH_SEARCH_PATHS = (
					"$(inherited)",
					"@executable_path/Frameworks",
					"@loader_path/Frameworks",
				);
				PRODUCT_BUNDLE_IDENTIFIER = NAPPS.SocialMediaAppWithCodableAndNetworkingTests;
				PRODUCT_NAME = "$(TARGET_NAME)";
				SWIFT_VERSION = 5.0;
				TARGETED_DEVICE_FAMILY = "1,2";
				TEST_HOST = "$(BUILT_PRODUCTS_DIR)/SocialMediaAppWithCodableAndNetworking.app/SocialMediaAppWithCodableAndNetworking";
			};
			name = Debug;
		};
		17DC6BDA2573945B00EFE027 /* Release */ = {
			isa = XCBuildConfiguration;
			buildSettings = {
				ALWAYS_EMBED_SWIFT_STANDARD_LIBRARIES = YES;
				BUNDLE_LOADER = "$(TEST_HOST)";
				CODE_SIGN_STYLE = Automatic;
				DEVELOPMENT_TEAM = 7X48R5E6LJ;
				INFOPLIST_FILE = SocialMediaAppWithCodableAndNetworkingTests/Info.plist;
				IPHONEOS_DEPLOYMENT_TARGET = 14.2;
				LD_RUNPATH_SEARCH_PATHS = (
					"$(inherited)",
					"@executable_path/Frameworks",
					"@loader_path/Frameworks",
				);
				PRODUCT_BUNDLE_IDENTIFIER = NAPPS.SocialMediaAppWithCodableAndNetworkingTests;
				PRODUCT_NAME = "$(TARGET_NAME)";
				SWIFT_VERSION = 5.0;
				TARGETED_DEVICE_FAMILY = "1,2";
				TEST_HOST = "$(BUILT_PRODUCTS_DIR)/SocialMediaAppWithCodableAndNetworking.app/SocialMediaAppWithCodableAndNetworking";
			};
			name = Release;
		};
		17DC6BDC2573945B00EFE027 /* Debug */ = {
			isa = XCBuildConfiguration;
			buildSettings = {
				ALWAYS_EMBED_SWIFT_STANDARD_LIBRARIES = YES;
				CODE_SIGN_STYLE = Automatic;
				DEVELOPMENT_TEAM = 7X48R5E6LJ;
				INFOPLIST_FILE = SocialMediaAppWithCodableAndNetworkingUITests/Info.plist;
				LD_RUNPATH_SEARCH_PATHS = (
					"$(inherited)",
					"@executable_path/Frameworks",
					"@loader_path/Frameworks",
				);
				PRODUCT_BUNDLE_IDENTIFIER = NAPPS.SocialMediaAppWithCodableAndNetworkingUITests;
				PRODUCT_NAME = "$(TARGET_NAME)";
				SWIFT_VERSION = 5.0;
				TARGETED_DEVICE_FAMILY = "1,2";
				TEST_TARGET_NAME = SocialMediaAppWithCodableAndNetworking;
			};
			name = Debug;
		};
		17DC6BDD2573945B00EFE027 /* Release */ = {
			isa = XCBuildConfiguration;
			buildSettings = {
				ALWAYS_EMBED_SWIFT_STANDARD_LIBRARIES = YES;
				CODE_SIGN_STYLE = Automatic;
				DEVELOPMENT_TEAM = 7X48R5E6LJ;
				INFOPLIST_FILE = SocialMediaAppWithCodableAndNetworkingUITests/Info.plist;
				LD_RUNPATH_SEARCH_PATHS = (
					"$(inherited)",
					"@executable_path/Frameworks",
					"@loader_path/Frameworks",
				);
				PRODUCT_BUNDLE_IDENTIFIER = NAPPS.SocialMediaAppWithCodableAndNetworkingUITests;
				PRODUCT_NAME = "$(TARGET_NAME)";
				SWIFT_VERSION = 5.0;
				TARGETED_DEVICE_FAMILY = "1,2";
				TEST_TARGET_NAME = SocialMediaAppWithCodableAndNetworking;
			};
			name = Release;
		};
/* End XCBuildConfiguration section */

/* Begin XCConfigurationList section */
		17DC6BA62573945A00EFE027 /* Build configuration list for PBXProject "SocialMediaAppWithCodableAndNetworking" */ = {
			isa = XCConfigurationList;
			buildConfigurations = (
				17DC6BD32573945B00EFE027 /* Debug */,
				17DC6BD42573945B00EFE027 /* Release */,
			);
			defaultConfigurationIsVisible = 0;
			defaultConfigurationName = Release;
		};
		17DC6BD52573945B00EFE027 /* Build configuration list for PBXNativeTarget "SocialMediaAppWithCodableAndNetworking" */ = {
			isa = XCConfigurationList;
			buildConfigurations = (
				17DC6BD62573945B00EFE027 /* Debug */,
				17DC6BD72573945B00EFE027 /* Release */,
			);
			defaultConfigurationIsVisible = 0;
			defaultConfigurationName = Release;
		};
		17DC6BD82573945B00EFE027 /* Build configuration list for PBXNativeTarget "SocialMediaAppWithCodableAndNetworkingTests" */ = {
			isa = XCConfigurationList;
			buildConfigurations = (
				17DC6BD92573945B00EFE027 /* Debug */,
				17DC6BDA2573945B00EFE027 /* Release */,
			);
			defaultConfigurationIsVisible = 0;
			defaultConfigurationName = Release;
		};
		17DC6BDB2573945B00EFE027 /* Build configuration list for PBXNativeTarget "SocialMediaAppWithCodableAndNetworkingUITests" */ = {
			isa = XCConfigurationList;
			buildConfigurations = (
				17DC6BDC2573945B00EFE027 /* Debug */,
				17DC6BDD2573945B00EFE027 /* Release */,
			);
			defaultConfigurationIsVisible = 0;
			defaultConfigurationName = Release;
		};
/* End XCConfigurationList section */
	};
	rootObject = 17DC6BA32573945A00EFE027 /* Project object */;
}
